// !$*UTF8*$!
{
	archiveVersion = 1;
	classes = {
	};
	objectVersion = 48;
	objects = {

/* Begin PBXBuildFile section */
		1901F6B220653987007C5344 /* SwipeTableViewController.swift in Sources */ = {isa = PBXBuildFile; fileRef = 1901F6B120653987007C5344 /* SwipeTableViewController.swift */; };
		190CC6BC205D99EB00F9DCB2 /* CategoryTableViewController.swift in Sources */ = {isa = PBXBuildFile; fileRef = 190CC6BB205D99EB00F9DCB2 /* CategoryTableViewController.swift */; };
		190EE6582050780F0024C5D8 /* AppDelegate.swift in Sources */ = {isa = PBXBuildFile; fileRef = 190EE6572050780F0024C5D8 /* AppDelegate.swift */; };
		190EE65A2050780F0024C5D8 /* TodoListViewController.swift in Sources */ = {isa = PBXBuildFile; fileRef = 190EE6592050780F0024C5D8 /* TodoListViewController.swift */; };
		190EE65D2050780F0024C5D8 /* Main.storyboard in Resources */ = {isa = PBXBuildFile; fileRef = 190EE65B2050780F0024C5D8 /* Main.storyboard */; };
		190EE65F2050780F0024C5D8 /* Assets.xcassets in Resources */ = {isa = PBXBuildFile; fileRef = 190EE65E2050780F0024C5D8 /* Assets.xcassets */; };
		190EE6622050780F0024C5D8 /* LaunchScreen.storyboard in Resources */ = {isa = PBXBuildFile; fileRef = 190EE6602050780F0024C5D8 /* LaunchScreen.storyboard */; };
		199FE4C82062E74700D282EC /* Item.swift in Sources */ = {isa = PBXBuildFile; fileRef = 199FE4C72062E74700D282EC /* Item.swift */; };
		199FE4CA2062E76A00D282EC /* Category.swift in Sources */ = {isa = PBXBuildFile; fileRef = 199FE4C92062E76A00D282EC /* Category.swift */; };
		D0EE3A50594FED1BE6A58E00 /* Pods_Todoey.framework in Frameworks */ = {isa = PBXBuildFile; fileRef = A0B40AB9BCAC17584EE48539 /* Pods_Todoey.framework */; };
/* End PBXBuildFile section */

/* Begin PBXFileReference section */
		1901F6B120653987007C5344 /* SwipeTableViewController.swift */ = {isa = PBXFileReference; lastKnownFileType = sourcecode.swift; path = SwipeTableViewController.swift; sourceTree = "<group>"; };
		190CC6BB205D99EB00F9DCB2 /* CategoryTableViewController.swift */ = {isa = PBXFileReference; lastKnownFileType = sourcecode.swift; path = CategoryTableViewController.swift; sourceTree = "<group>"; };
		190EE6542050780F0024C5D8 /* Todoey.app */ = {isa = PBXFileReference; explicitFileType = wrapper.application; includeInIndex = 0; path = Todoey.app; sourceTree = BUILT_PRODUCTS_DIR; };
		190EE6572050780F0024C5D8 /* AppDelegate.swift */ = {isa = PBXFileReference; lastKnownFileType = sourcecode.swift; path = AppDelegate.swift; sourceTree = "<group>"; };
		190EE6592050780F0024C5D8 /* TodoListViewController.swift */ = {isa = PBXFileReference; lastKnownFileType = sourcecode.swift; path = TodoListViewController.swift; sourceTree = "<group>"; };
		190EE65C2050780F0024C5D8 /* Base */ = {isa = PBXFileReference; lastKnownFileType = file.storyboard; name = Base; path = Base.lproj/Main.storyboard; sourceTree = "<group>"; };
		190EE65E2050780F0024C5D8 /* Assets.xcassets */ = {isa = PBXFileReference; lastKnownFileType = folder.assetcatalog; path = Assets.xcassets; sourceTree = "<group>"; };
		190EE6612050780F0024C5D8 /* Base */ = {isa = PBXFileReference; lastKnownFileType = file.storyboard; name = Base; path = Base.lproj/LaunchScreen.storyboard; sourceTree = "<group>"; };
		190EE6632050780F0024C5D8 /* Info.plist */ = {isa = PBXFileReference; lastKnownFileType = text.plist.xml; path = Info.plist; sourceTree = "<group>"; };
		199FE4C72062E74700D282EC /* Item.swift */ = {isa = PBXFileReference; lastKnownFileType = sourcecode.swift; path = Item.swift; sourceTree = "<group>"; };
		199FE4C92062E76A00D282EC /* Category.swift */ = {isa = PBXFileReference; lastKnownFileType = sourcecode.swift; path = Category.swift; sourceTree = "<group>"; };
		4A74A1D3D55D7A35AEEC8088 /* Pods-Todoey.release.xcconfig */ = {isa = PBXFileReference; includeInIndex = 1; lastKnownFileType = text.xcconfig; name = "Pods-Todoey.release.xcconfig"; path = "Pods/Target Support Files/Pods-Todoey/Pods-Todoey.release.xcconfig"; sourceTree = "<group>"; };
		A0B40AB9BCAC17584EE48539 /* Pods_Todoey.framework */ = {isa = PBXFileReference; explicitFileType = wrapper.framework; includeInIndex = 0; path = Pods_Todoey.framework; sourceTree = BUILT_PRODUCTS_DIR; };
		B74E69C8858870A5755F5C65 /* Pods-Todoey.debug.xcconfig */ = {isa = PBXFileReference; includeInIndex = 1; lastKnownFileType = text.xcconfig; name = "Pods-Todoey.debug.xcconfig"; path = "Pods/Target Support Files/Pods-Todoey/Pods-Todoey.debug.xcconfig"; sourceTree = "<group>"; };
/* End PBXFileReference section */

/* Begin PBXFrameworksBuildPhase section */
		190EE6512050780F0024C5D8 /* Frameworks */ = {
			isa = PBXFrameworksBuildPhase;
			buildActionMask = 2147483647;
			files = (
				D0EE3A50594FED1BE6A58E00 /* Pods_Todoey.framework in Frameworks */,
			);
			runOnlyForDeploymentPostprocessing = 0;
		};
/* End PBXFrameworksBuildPhase section */

/* Begin PBXGroup section */
		190EE64B2050780F0024C5D8 = {
			isa = PBXGroup;
			children = (
				190EE6562050780F0024C5D8 /* Todoey */,
				190EE6552050780F0024C5D8 /* Products */,
				79499C2F246C24C6E4960B26 /* Pods */,
				EDF6956F4BBCBAB492427D8C /* Frameworks */,
			);
			sourceTree = "<group>";
		};
		190EE6552050780F0024C5D8 /* Products */ = {
			isa = PBXGroup;
			children = (
				190EE6542050780F0024C5D8 /* Todoey.app */,
			);
			name = Products;
			sourceTree = "<group>";
		};
		190EE6562050780F0024C5D8 /* Todoey */ = {
			isa = PBXGroup;
			children = (
				190EE6572050780F0024C5D8 /* AppDelegate.swift */,
				190EE66B2051422D0024C5D8 /* Data Model */,
				190EE66A2051420A0024C5D8 /* Controllers */,
				190EE669205141E50024C5D8 /* Views */,
				190EE66C205142580024C5D8 /* Supporting Files */,
				190EE6632050780F0024C5D8 /* Info.plist */,
			);
			path = Todoey;
			sourceTree = "<group>";
		};
		190EE669205141E50024C5D8 /* Views */ = {
			isa = PBXGroup;
			children = (
				190EE65B2050780F0024C5D8 /* Main.storyboard */,
			);
			path = Views;
			sourceTree = "<group>";
		};
		190EE66A2051420A0024C5D8 /* Controllers */ = {
			isa = PBXGroup;
			children = (
				190CC6BB205D99EB00F9DCB2 /* CategoryTableViewController.swift */,
				190EE6592050780F0024C5D8 /* TodoListViewController.swift */,
				1901F6B120653987007C5344 /* SwipeTableViewController.swift */,
			);
			path = Controllers;
			sourceTree = "<group>";
		};
		190EE66B2051422D0024C5D8 /* Data Model */ = {
			isa = PBXGroup;
			children = (
				199FE4C92062E76A00D282EC /* Category.swift */,
				199FE4C72062E74700D282EC /* Item.swift */,
			);
			path = "Data Model";
			sourceTree = "<group>";
		};
		190EE66C205142580024C5D8 /* Supporting Files */ = {
			isa = PBXGroup;
			children = (
				190EE65E2050780F0024C5D8 /* Assets.xcassets */,
				190EE6602050780F0024C5D8 /* LaunchScreen.storyboard */,
			);
			path = "Supporting Files";
			sourceTree = "<group>";
		};
		79499C2F246C24C6E4960B26 /* Pods */ = {
			isa = PBXGroup;
			children = (
				B74E69C8858870A5755F5C65 /* Pods-Todoey.debug.xcconfig */,
				4A74A1D3D55D7A35AEEC8088 /* Pods-Todoey.release.xcconfig */,
			);
			name = Pods;
			sourceTree = "<group>";
		};
		EDF6956F4BBCBAB492427D8C /* Frameworks */ = {
			isa = PBXGroup;
			children = (
				A0B40AB9BCAC17584EE48539 /* Pods_Todoey.framework */,
			);
			name = Frameworks;
			sourceTree = "<group>";
		};
/* End PBXGroup section */

/* Begin PBXNativeTarget section */
		190EE6532050780F0024C5D8 /* Todoey */ = {
			isa = PBXNativeTarget;
			buildConfigurationList = 190EE6662050780F0024C5D8 /* Build configuration list for PBXNativeTarget "Todoey" */;
			buildPhases = (
				1074821697849FD7FF10BE8A /* [CP] Check Pods Manifest.lock */,
				190EE6502050780F0024C5D8 /* Sources */,
				190EE6512050780F0024C5D8 /* Frameworks */,
				190EE6522050780F0024C5D8 /* Resources */,
				7F57702671D07B0AE98E2A3C /* [CP] Embed Pods Frameworks */,
				AC52EB4C9FC3642B28714146 /* [CP] Copy Pods Resources */,
			);
			buildRules = (
			);
			dependencies = (
			);
			name = Todoey;
			productName = Todoey;
			productReference = 190EE6542050780F0024C5D8 /* Todoey.app */;
			productType = "com.apple.product-type.application";
		};
/* End PBXNativeTarget section */

/* Begin PBXProject section */
		190EE64C2050780F0024C5D8 /* Project object */ = {
			isa = PBXProject;
			attributes = {
				LastSwiftUpdateCheck = 0920;
				LastUpgradeCheck = 0920;
				ORGANIZATIONNAME = "Marius Gabriel";
				TargetAttributes = {
					190EE6532050780F0024C5D8 = {
						CreatedOnToolsVersion = 9.2;
						ProvisioningStyle = Automatic;
					};
				};
			};
			buildConfigurationList = 190EE64F2050780F0024C5D8 /* Build configuration list for PBXProject "Todoey" */;
			compatibilityVersion = "Xcode 8.0";
			developmentRegion = en;
			hasScannedForEncodings = 0;
			knownRegions = (
				en,
				Base,
			);
			mainGroup = 190EE64B2050780F0024C5D8;
			productRefGroup = 190EE6552050780F0024C5D8 /* Products */;
			projectDirPath = "";
			projectRoot = "";
			targets = (
				190EE6532050780F0024C5D8 /* Todoey */,
			);
		};
/* End PBXProject section */

/* Begin PBXResourcesBuildPhase section */
		190EE6522050780F0024C5D8 /* Resources */ = {
			isa = PBXResourcesBuildPhase;
			buildActionMask = 2147483647;
			files = (
				190EE6622050780F0024C5D8 /* LaunchScreen.storyboard in Resources */,
				190EE65F2050780F0024C5D8 /* Assets.xcassets in Resources */,
				190EE65D2050780F0024C5D8 /* Main.storyboard in Resources */,
			);
			runOnlyForDeploymentPostprocessing = 0;
		};
/* End PBXResourcesBuildPhase section */

/* Begin PBXShellScriptBuildPhase section */
		1074821697849FD7FF10BE8A /* [CP] Check Pods Manifest.lock */ = {
			isa = PBXShellScriptBuildPhase;
			buildActionMask = 2147483647;
			files = (
			);
			inputPaths = (
				"${PODS_PODFILE_DIR_PATH}/Podfile.lock",
				"${PODS_ROOT}/Manifest.lock",
			);
			name = "[CP] Check Pods Manifest.lock";
			outputPaths = (
				"$(DERIVED_FILE_DIR)/Pods-Todoey-checkManifestLockResult.txt",
			);
			runOnlyForDeploymentPostprocessing = 0;
			shellPath = /bin/sh;
			shellScript = "diff \"${PODS_PODFILE_DIR_PATH}/Podfile.lock\" \"${PODS_ROOT}/Manifest.lock\" > /dev/null\nif [ $? != 0 ] ; then\n    # print error to STDERR\n    echo \"error: The sandbox is not in sync with the Podfile.lock. Run 'pod install' or update your CocoaPods installation.\" >&2\n    exit 1\nfi\n# This output is used by Xcode 'outputs' to avoid re-running this script phase.\necho \"SUCCESS\" > \"${SCRIPT_OUTPUT_FILE_0}\"\n";
			showEnvVarsInLog = 0;
		};
		7F57702671D07B0AE98E2A3C /* [CP] Embed Pods Frameworks */ = {
			isa = PBXShellScriptBuildPhase;
			buildActionMask = 2147483647;
			files = (
			);
			inputPaths = (
				"${SRCROOT}/Pods/Target Support Files/Pods-Todoey/Pods-Todoey-frameworks.sh",
				"${BUILT_PRODUCTS_DIR}/ChameleonFramework/ChameleonFramework.framework",
				"${BUILT_PRODUCTS_DIR}/Realm/Realm.framework",
				"${BUILT_PRODUCTS_DIR}/RealmSwift/RealmSwift.framework",
				"${BUILT_PRODUCTS_DIR}/SwipeCellKit/SwipeCellKit.framework",
			);
			name = "[CP] Embed Pods Frameworks";
			outputPaths = (
				"${TARGET_BUILD_DIR}/${FRAMEWORKS_FOLDER_PATH}/ChameleonFramework.framework",
				"${TARGET_BUILD_DIR}/${FRAMEWORKS_FOLDER_PATH}/Realm.framework",
				"${TARGET_BUILD_DIR}/${FRAMEWORKS_FOLDER_PATH}/RealmSwift.framework",
				"${TARGET_BUILD_DIR}/${FRAMEWORKS_FOLDER_PATH}/SwipeCellKit.framework",
			);
			runOnlyForDeploymentPostprocessing = 0;
			shellPath = /bin/sh;
			shellScript = "\"${SRCROOT}/Pods/Target Support Files/Pods-Todoey/Pods-Todoey-frameworks.sh\"\n";
			showEnvVarsInLog = 0;
		};
		AC52EB4C9FC3642B28714146 /* [CP] Copy Pods Resources */ = {
			isa = PBXShellScriptBuildPhase;
			buildActionMask = 2147483647;
			files = (
			);
			inputPaths = (
			);
			name = "[CP] Copy Pods Resources";
			outputPaths = (
			);
			runOnlyForDeploymentPostprocessing = 0;
			shellPath = /bin/sh;
			shellScript = "\"${SRCROOT}/Pods/Target Support Files/Pods-Todoey/Pods-Todoey-resources.sh\"\n";
			showEnvVarsInLog = 0;
		};
/* End PBXShellScriptBuildPhase section */

/* Begin PBXSourcesBuildPhase section */
		190EE6502050780F0024C5D8 /* Sources */ = {
			isa = PBXSourcesBuildPhase;
			buildActionMask = 2147483647;
			files = (
				199FE4C82062E74700D282EC /* Item.swift in Sources */,
				190EE65A2050780F0024C5D8 /* TodoListViewController.swift in Sources */,
				190EE6582050780F0024C5D8 /* AppDelegate.swift in Sources */,
				190CC6BC205D99EB00F9DCB2 /* CategoryTableViewController.swift in Sources */,
				1901F6B220653987007C5344 /* SwipeTableViewController.swift in Sources */,
				199FE4CA2062E76A00D282EC /* Category.swift in Sources */,
			);
			runOnlyForDeploymentPostprocessing = 0;
		};
/* End PBXSourcesBuildPhase section */

/* Begin PBXVariantGroup section */
		190EE65B2050780F0024C5D8 /* Main.storyboard */ = {
			isa = PBXVariantGroup;
			children = (
				190EE65C2050780F0024C5D8 /* Base */,
			);
			name = Main.storyboard;
			sourceTree = "<group>";
		};
		190EE6602050780F0024C5D8 /* LaunchScreen.storyboard */ = {
			isa = PBXVariantGroup;
			children = (
				190EE6612050780F0024C5D8 /* Base */,
			);
			name = LaunchScreen.storyboard;
			sourceTree = "<group>";
		};
/* End PBXVariantGroup section */

/* Begin XCBuildConfiguration section */
		190EE6642050780F0024C5D8 /* Debug */ = {
			isa = XCBuildConfiguration;
			buildSettings = {
				ALWAYS_SEARCH_USER_PATHS = NO;
				CLANG_ANALYZER_NONNULL = YES;
				CLANG_ANALYZER_NUMBER_OBJECT_CONVERSION = YES_AGGRESSIVE;
				CLANG_CXX_LANGUAGE_STANDARD = "gnu++14";
				CLANG_CXX_LIBRARY = "libc++";
				CLANG_ENABLE_MODULES = YES;
				CLANG_ENABLE_OBJC_ARC = YES;
				CLANG_WARN_BLOCK_CAPTURE_AUTORELEASING = YES;
				CLANG_WARN_BOOL_CONVERSION = YES;
				CLANG_WARN_COMMA = YES;
				CLANG_WARN_CONSTANT_CONVERSION = YES;
				CLANG_WARN_DIRECT_OBJC_ISA_USAGE = YES_ERROR;
				CLANG_WARN_DOCUMENTATION_COMMENTS = YES;
				CLANG_WARN_EMPTY_BODY = YES;
				CLANG_WARN_ENUM_CONVERSION = YES;
				CLANG_WARN_INFINITE_RECURSION = YES;
				CLANG_WARN_INT_CONVERSION = YES;
				CLANG_WARN_NON_LITERAL_NULL_CONVERSION = YES;
				CLANG_WARN_OBJC_LITERAL_CONVERSION = YES;
				CLANG_WARN_OBJC_ROOT_CLASS = YES_ERROR;
				CLANG_WARN_RANGE_LOOP_ANALYSIS = YES;
				CLANG_WARN_STRICT_PROTOTYPES = YES;
				CLANG_WARN_SUSPICIOUS_MOVE = YES;
				CLANG_WARN_UNGUARDED_AVAILABILITY = YES_AGGRESSIVE;
				CLANG_WARN_UNREACHABLE_CODE = YES;
				CLANG_WARN__DUPLICATE_METHOD_MATCH = YES;
				CODE_SIGN_IDENTITY = "iPhone Developer";
				COPY_PHASE_STRIP = NO;
				DEBUG_INFORMATION_FORMAT = dwarf;
				ENABLE_STRICT_OBJC_MSGSEND = YES;
				ENABLE_TESTABILITY = YES;
				GCC_C_LANGUAGE_STANDARD = gnu11;
				GCC_DYNAMIC_NO_PIC = NO;
				GCC_NO_COMMON_BLOCKS = YES;
				GCC_OPTIMIZATION_LEVEL = 0;
				GCC_PREPROCESSOR_DEFINITIONS = (
					"DEBUG=1",
					"$(inherited)",
				);
				GCC_WARN_64_TO_32_BIT_CONVERSION = YES;
				GCC_WARN_ABOUT_RETURN_TYPE = YES_ERROR;
				GCC_WARN_UNDECLARED_SELECTOR = YES;
				GCC_WARN_UNINITIALIZED_AUTOS = YES_AGGRESSIVE;
				GCC_WARN_UNUSED_FUNCTION = YES;
				GCC_WARN_UNUSED_VARIABLE = YES;
				IPHONEOS_DEPLOYMENT_TARGET = 11.2;
				MTL_ENABLE_DEBUG_INFO = YES;
				ONLY_ACTIVE_ARCH = YES;
				SDKROOT = iphoneos;
				SWIFT_ACTIVE_COMPILATION_CONDITIONS = DEBUG;
				SWIFT_OPTIMIZATION_LEVEL = "-Onone";
			};
			name = Debug;
		};
		190EE6652050780F0024C5D8 /* Release */ = {
			isa = XCBuildConfiguration;
			buildSettings = {
				ALWAYS_SEARCH_USER_PATHS = NO;
				CLANG_ANALYZER_NONNULL = YES;
				CLANG_ANALYZER_NUMBER_OBJECT_CONVERSION = YES_AGGRESSIVE;
				CLANG_CXX_LANGUAGE_STANDARD = "gnu++14";
				CLANG_CXX_LIBRARY = "libc++";
				CLANG_ENABLE_MODULES = YES;
				CLANG_ENABLE_OBJC_ARC = YES;
				CLANG_WARN_BLOCK_CAPTURE_AUTORELEASING = YES;
				CLANG_WARN_BOOL_CONVERSION = YES;
				CLANG_WARN_COMMA = YES;
				CLANG_WARN_CONSTANT_CONVERSION = YES;
				CLANG_WARN_DIRECT_OBJC_ISA_USAGE = YES_ERROR;
				CLANG_WARN_DOCUMENTATION_COMMENTS = YES;
				CLANG_WARN_EMPTY_BODY = YES;
				CLANG_WARN_ENUM_CONVERSION = YES;
				CLANG_WARN_INFINITE_RECURSION = YES;
				CLANG_WARN_INT_CONVERSION = YES;
				CLANG_WARN_NON_LITERAL_NULL_CONVERSION = YES;
				CLANG_WARN_OBJC_LITERAL_CONVERSION = YES;
				CLANG_WARN_OBJC_ROOT_CLASS = YES_ERROR;
				CLANG_WARN_RANGE_LOOP_ANALYSIS = YES;
				CLANG_WARN_STRICT_PROTOTYPES = YES;
				CLANG_WARN_SUSPICIOUS_MOVE = YES;
				CLANG_WARN_UNGUARDED_AVAILABILITY = YES_AGGRESSIVE;
				CLANG_WARN_UNREACHABLE_CODE = YES;
				CLANG_WARN__DUPLICATE_METHOD_MATCH = YES;
				CODE_SIGN_IDENTITY = "iPhone Developer";
				COPY_PHASE_STRIP = NO;
				DEBUG_INFORMATION_FORMAT = "dwarf-with-dsym";
				ENABLE_NS_ASSERTIONS = NO;
				ENABLE_STRICT_OBJC_MSGSEND = YES;
				GCC_C_LANGUAGE_STANDARD = gnu11;
				GCC_NO_COMMON_BLOCKS = YES;
				GCC_WARN_64_TO_32_BIT_CONVERSION = YES;
				GCC_WARN_ABOUT_RETURN_TYPE = YES_ERROR;
				GCC_WARN_UNDECLARED_SELECTOR = YES;
				GCC_WARN_UNINITIALIZED_AUTOS = YES_AGGRESSIVE;
				GCC_WARN_UNUSED_FUNCTION = YES;
				GCC_WARN_UNUSED_VARIABLE = YES;
				IPHONEOS_DEPLOYMENT_TARGET = 11.2;
				MTL_ENABLE_DEBUG_INFO = NO;
				SDKROOT = iphoneos;
				SWIFT_OPTIMIZATION_LEVEL = "-Owholemodule";
				VALIDATE_PRODUCT = YES;
			};
			name = Release;
		};
		190EE6672050780F0024C5D8 /* Debug */ = {
			isa = XCBuildConfiguration;
			baseConfigurationReference = B74E69C8858870A5755F5C65 /* Pods-Todoey.debug.xcconfig */;
			buildSettings = {
				ASSETCATALOG_COMPILER_APPICON_NAME = AppIcon;
				CODE_SIGN_STYLE = Automatic;
				DEVELOPMENT_TEAM = 25H73K4468;
				INFOPLIST_FILE = Todoey/Info.plist;
				LD_RUNPATH_SEARCH_PATHS = "$(inherited) @executable_path/Frameworks";
				PRODUCT_BUNDLE_IDENTIFIER = c.Todoey;
				PRODUCT_NAME = "$(TARGET_NAME)";
				SWIFT_VERSION = 4.0;
				TARGETED_DEVICE_FAMILY = "1,2";
			};
			name = Debug;
		};
		190EE6682050780F0024C5D8 /* Release */ = {
			isa = XCBuildConfiguration;
			baseConfigurationReference = 4A74A1D3D55D7A35AEEC8088 /* Pods-Todoey.release.xcconfig */;
			buildSettings = {
				ASSETCATALOG_COMPILER_APPICON_NAME = AppIcon;
				CODE_SIGN_STYLE = Automatic;
				DEVELOPMENT_TEAM = 25H73K4468;
				INFOPLIST_FILE = Todoey/Info.plist;
				LD_RUNPATH_SEARCH_PATHS = "$(inherited) @executable_path/Frameworks";
				PRODUCT_BUNDLE_IDENTIFIER = c.Todoey;
				PRODUCT_NAME = "$(TARGET_NAME)";
				SWIFT_VERSION = 4.0;
				TARGETED_DEVICE_FAMILY = "1,2";
			};
			name = Release;
		};
/* End XCBuildConfiguration section */

/* Begin XCConfigurationList section */
		190EE64F2050780F0024C5D8 /* Build configuration list for PBXProject "Todoey" */ = {
			isa = XCConfigurationList;
			buildConfigurations = (
				190EE6642050780F0024C5D8 /* Debug */,
				190EE6652050780F0024C5D8 /* Release */,
			);
			defaultConfigurationIsVisible = 0;
			defaultConfigurationName = Release;
		};
		190EE6662050780F0024C5D8 /* Build configuration list for PBXNativeTarget "Todoey" */ = {
			isa = XCConfigurationList;
			buildConfigurations = (
				190EE6672050780F0024C5D8 /* Debug */,
				190EE6682050780F0024C5D8 /* Release */,
			);
			defaultConfigurationIsVisible = 0;
			defaultConfigurationName = Release;
		};
/* End XCConfigurationList section */
	};
	rootObject = 190EE64C2050780F0024C5D8 /* Project object */;
}
